// !$*UTF8*$!
{
	archiveVersion = 1;
	classes = {
	};
	objectVersion = 56;
	objects = {

/* Begin PBXBuildFile section */
		0A1130E02A78883900A6EB78 /* SecondModuleTests.swift in Sources */ = {isa = PBXBuildFile; fileRef = 0A1130DF2A78883900A6EB78 /* SecondModuleTests.swift */; };
		0A1130E32A78984400A6EB78 /* RouterTest.swift in Sources */ = {isa = PBXBuildFile; fileRef = 0A1130E22A78984400A6EB78 /* RouterTest.swift */; };
		0A8719822A714F23007AB940 /* Comment.swift in Sources */ = {isa = PBXBuildFile; fileRef = 0A8719812A714F23007AB940 /* Comment.swift */; };
		0A8719842A714FC9007AB940 /* NetworkManager.swift in Sources */ = {isa = PBXBuildFile; fileRef = 0A8719832A714FC9007AB940 /* NetworkManager.swift */; };
		0A87198B2A716FAF007AB940 /* DetailPresenter.swift in Sources */ = {isa = PBXBuildFile; fileRef = 0A87198A2A716FAF007AB940 /* DetailPresenter.swift */; };
		0A87198D2A71709D007AB940 /* DetailVC.swift in Sources */ = {isa = PBXBuildFile; fileRef = 0A87198C2A71709D007AB940 /* DetailVC.swift */; };
		0A8719912A72CE19007AB940 /* Router.swift in Sources */ = {isa = PBXBuildFile; fileRef = 0A8719902A72CE19007AB940 /* Router.swift */; };
		0AA27C952A6F4A0F00763323 /* AppDelegate.swift in Sources */ = {isa = PBXBuildFile; fileRef = 0AA27C942A6F4A0F00763323 /* AppDelegate.swift */; };
		0AA27C992A6F4A0F00763323 /* MainViewController.swift in Sources */ = {isa = PBXBuildFile; fileRef = 0AA27C982A6F4A0F00763323 /* MainViewController.swift */; };
		0AA27C9E2A6F4A1200763323 /* Assets.xcassets in Resources */ = {isa = PBXBuildFile; fileRef = 0AA27C9D2A6F4A1200763323 /* Assets.xcassets */; };
		0AA27CA12A6F4A1200763323 /* LaunchScreen.storyboard in Resources */ = {isa = PBXBuildFile; fileRef = 0AA27C9F2A6F4A1200763323 /* LaunchScreen.storyboard */; };
		0AA27CB62A6F4A1300763323 /* mvpUITests.swift in Sources */ = {isa = PBXBuildFile; fileRef = 0AA27CB52A6F4A1300763323 /* mvpUITests.swift */; };
		0AA27CB82A6F4A1300763323 /* mvpUITestsLaunchTests.swift in Sources */ = {isa = PBXBuildFile; fileRef = 0AA27CB72A6F4A1300763323 /* mvpUITestsLaunchTests.swift */; };
		0AA27CC52A6F4AE500763323 /* Person.swift in Sources */ = {isa = PBXBuildFile; fileRef = 0AA27CC42A6F4AE500763323 /* Person.swift */; };
		0AA27CC72A6F4D2100763323 /* MainPresenter.swift in Sources */ = {isa = PBXBuildFile; fileRef = 0AA27CC62A6F4D2100763323 /* MainPresenter.swift */; };
		0AA27CC92A6F5DB400763323 /* ModuleBuilder.swift in Sources */ = {isa = PBXBuildFile; fileRef = 0AA27CC82A6F5DB400763323 /* ModuleBuilder.swift */; };
		0AA27CD02A6F66D000763323 /* MainModuleTests.swift in Sources */ = {isa = PBXBuildFile; fileRef = 0AA27CCF2A6F66D000763323 /* MainModuleTests.swift */; };
		0AA27CD32A6F79DD00763323 /* SecondPresenter.swift in Sources */ = {isa = PBXBuildFile; fileRef = 0AA27CD22A6F79DD00763323 /* SecondPresenter.swift */; };
		0AA27CD52A6F7ADC00763323 /* SecondVC.swift in Sources */ = {isa = PBXBuildFile; fileRef = 0AA27CD42A6F7ADC00763323 /* SecondVC.swift */; };
		0AA27CD72A6F7D3500763323 /* Helper.swift in Sources */ = {isa = PBXBuildFile; fileRef = 0AA27CD62A6F7D3500763323 /* Helper.swift */; };
		0AA27CD92A6F7E7B00763323 /* TableViewCell.swift in Sources */ = {isa = PBXBuildFile; fileRef = 0AA27CD82A6F7E7B00763323 /* TableViewCell.swift */; };
/* End PBXBuildFile section */

/* Begin PBXContainerItemProxy section */
		0AA27CA82A6F4A1300763323 /* PBXContainerItemProxy */ = {
			isa = PBXContainerItemProxy;
			containerPortal = 0AA27C892A6F4A0F00763323 /* Project object */;
			proxyType = 1;
			remoteGlobalIDString = 0AA27C902A6F4A0F00763323;
			remoteInfo = mvp;
		};
		0AA27CB22A6F4A1300763323 /* PBXContainerItemProxy */ = {
			isa = PBXContainerItemProxy;
			containerPortal = 0AA27C892A6F4A0F00763323 /* Project object */;
			proxyType = 1;
			remoteGlobalIDString = 0AA27C902A6F4A0F00763323;
			remoteInfo = mvp;
		};
/* End PBXContainerItemProxy section */

/* Begin PBXFileReference section */
		0A1130DF2A78883900A6EB78 /* SecondModuleTests.swift */ = {isa = PBXFileReference; lastKnownFileType = sourcecode.swift; path = SecondModuleTests.swift; sourceTree = "<group>"; };
		0A1130E22A78984400A6EB78 /* RouterTest.swift */ = {isa = PBXFileReference; lastKnownFileType = sourcecode.swift; path = RouterTest.swift; sourceTree = "<group>"; };
		0A8719812A714F23007AB940 /* Comment.swift */ = {isa = PBXFileReference; lastKnownFileType = sourcecode.swift; path = Comment.swift; sourceTree = "<group>"; };
		0A8719832A714FC9007AB940 /* NetworkManager.swift */ = {isa = PBXFileReference; lastKnownFileType = sourcecode.swift; path = NetworkManager.swift; sourceTree = "<group>"; };
		0A87198A2A716FAF007AB940 /* DetailPresenter.swift */ = {isa = PBXFileReference; lastKnownFileType = sourcecode.swift; path = DetailPresenter.swift; sourceTree = "<group>"; };
		0A87198C2A71709D007AB940 /* DetailVC.swift */ = {isa = PBXFileReference; lastKnownFileType = sourcecode.swift; path = DetailVC.swift; sourceTree = "<group>"; };
		0A8719902A72CE19007AB940 /* Router.swift */ = {isa = PBXFileReference; lastKnownFileType = sourcecode.swift; path = Router.swift; sourceTree = "<group>"; };
		0AA27C912A6F4A0F00763323 /* mvp.app */ = {isa = PBXFileReference; explicitFileType = wrapper.application; includeInIndex = 0; path = mvp.app; sourceTree = BUILT_PRODUCTS_DIR; };
		0AA27C942A6F4A0F00763323 /* AppDelegate.swift */ = {isa = PBXFileReference; lastKnownFileType = sourcecode.swift; path = AppDelegate.swift; sourceTree = "<group>"; };
		0AA27C982A6F4A0F00763323 /* MainViewController.swift */ = {isa = PBXFileReference; lastKnownFileType = sourcecode.swift; path = MainViewController.swift; sourceTree = "<group>"; };
		0AA27C9D2A6F4A1200763323 /* Assets.xcassets */ = {isa = PBXFileReference; lastKnownFileType = folder.assetcatalog; path = Assets.xcassets; sourceTree = "<group>"; };
		0AA27CA02A6F4A1200763323 /* Base */ = {isa = PBXFileReference; lastKnownFileType = file.storyboard; name = Base; path = Base.lproj/LaunchScreen.storyboard; sourceTree = "<group>"; };
		0AA27CA22A6F4A1200763323 /* Info.plist */ = {isa = PBXFileReference; lastKnownFileType = text.plist.xml; path = Info.plist; sourceTree = "<group>"; };
		0AA27CA72A6F4A1300763323 /* mvpTests.xctest */ = {isa = PBXFileReference; explicitFileType = wrapper.cfbundle; includeInIndex = 0; path = mvpTests.xctest; sourceTree = BUILT_PRODUCTS_DIR; };
		0AA27CB12A6F4A1300763323 /* mvpUITests.xctest */ = {isa = PBXFileReference; explicitFileType = wrapper.cfbundle; includeInIndex = 0; path = mvpUITests.xctest; sourceTree = BUILT_PRODUCTS_DIR; };
		0AA27CB52A6F4A1300763323 /* mvpUITests.swift */ = {isa = PBXFileReference; lastKnownFileType = sourcecode.swift; path = mvpUITests.swift; sourceTree = "<group>"; };
		0AA27CB72A6F4A1300763323 /* mvpUITestsLaunchTests.swift */ = {isa = PBXFileReference; lastKnownFileType = sourcecode.swift; path = mvpUITestsLaunchTests.swift; sourceTree = "<group>"; };
		0AA27CC42A6F4AE500763323 /* Person.swift */ = {isa = PBXFileReference; lastKnownFileType = sourcecode.swift; path = Person.swift; sourceTree = "<group>"; };
		0AA27CC62A6F4D2100763323 /* MainPresenter.swift */ = {isa = PBXFileReference; lastKnownFileType = sourcecode.swift; path = MainPresenter.swift; sourceTree = "<group>"; };
		0AA27CC82A6F5DB400763323 /* ModuleBuilder.swift */ = {isa = PBXFileReference; lastKnownFileType = sourcecode.swift; path = ModuleBuilder.swift; sourceTree = "<group>"; };
		0AA27CCF2A6F66D000763323 /* MainModuleTests.swift */ = {isa = PBXFileReference; lastKnownFileType = sourcecode.swift; path = MainModuleTests.swift; sourceTree = "<group>"; };
		0AA27CD22A6F79DD00763323 /* SecondPresenter.swift */ = {isa = PBXFileReference; lastKnownFileType = sourcecode.swift; path = SecondPresenter.swift; sourceTree = "<group>"; };
		0AA27CD42A6F7ADC00763323 /* SecondVC.swift */ = {isa = PBXFileReference; lastKnownFileType = sourcecode.swift; path = SecondVC.swift; sourceTree = "<group>"; };
		0AA27CD62A6F7D3500763323 /* Helper.swift */ = {isa = PBXFileReference; lastKnownFileType = sourcecode.swift; path = Helper.swift; sourceTree = "<group>"; };
		0AA27CD82A6F7E7B00763323 /* TableViewCell.swift */ = {isa = PBXFileReference; lastKnownFileType = sourcecode.swift; path = TableViewCell.swift; sourceTree = "<group>"; };
/* End PBXFileReference section */

/* Begin PBXFrameworksBuildPhase section */
		0AA27C8E2A6F4A0F00763323 /* Frameworks */ = {
			isa = PBXFrameworksBuildPhase;
			buildActionMask = 2147483647;
			files = (
			);
			runOnlyForDeploymentPostprocessing = 0;
		};
		0AA27CA42A6F4A1300763323 /* Frameworks */ = {
			isa = PBXFrameworksBuildPhase;
			buildActionMask = 2147483647;
			files = (
			);
			runOnlyForDeploymentPostprocessing = 0;
		};
		0AA27CAE2A6F4A1300763323 /* Frameworks */ = {
			isa = PBXFrameworksBuildPhase;
			buildActionMask = 2147483647;
			files = (
			);
			runOnlyForDeploymentPostprocessing = 0;
		};
/* End PBXFrameworksBuildPhase section */

/* Begin PBXGroup section */
		0A1130DA2A78878500A6EB78 /* Application */ = {
			isa = PBXGroup;
			children = (
				0AA27C942A6F4A0F00763323 /* AppDelegate.swift */,
			);
			path = Application;
			sourceTree = "<group>";
		};
		0A1130DB2A78879F00A6EB78 /* Sources */ = {
			isa = PBXGroup;
			children = (
				0AA27C9D2A6F4A1200763323 /* Assets.xcassets */,
				0AA27C9F2A6F4A1200763323 /* LaunchScreen.storyboard */,
				0AA27CA22A6F4A1200763323 /* Info.plist */,
			);
			path = Sources;
			sourceTree = "<group>";
		};
		0A1130DC2A7887EF00A6EB78 /* Builder */ = {
			isa = PBXGroup;
			children = (
				0AA27CC82A6F5DB400763323 /* ModuleBuilder.swift */,
			);
			path = Builder;
			sourceTree = "<group>";
		};
		0A1130DD2A7887F700A6EB78 /* Routing */ = {
			isa = PBXGroup;
			children = (
				0A8719902A72CE19007AB940 /* Router.swift */,
			);
			path = Routing;
			sourceTree = "<group>";
		};
		0A1130DE2A78882300A6EB78 /* SecondModuleTests */ = {
			isa = PBXGroup;
			children = (
				0A1130DF2A78883900A6EB78 /* SecondModuleTests.swift */,
			);
			path = SecondModuleTests;
			sourceTree = "<group>";
		};
		0A1130E12A78982C00A6EB78 /* RouterTests */ = {
			isa = PBXGroup;
			children = (
				0A1130E22A78984400A6EB78 /* RouterTest.swift */,
			);
			path = RouterTests;
			sourceTree = "<group>";
		};
		0A8719852A714FD1007AB940 /* API */ = {
			isa = PBXGroup;
			children = (
				0A8719832A714FC9007AB940 /* NetworkManager.swift */,
			);
			path = API;
			sourceTree = "<group>";
		};
		0A8719862A71602F007AB940 /* View */ = {
			isa = PBXGroup;
			children = (
				0AA27CD42A6F7ADC00763323 /* SecondVC.swift */,
			);
			path = View;
			sourceTree = "<group>";
		};
		0A8719872A716035007AB940 /* Presenter */ = {
			isa = PBXGroup;
			children = (
				0AA27CD22A6F79DD00763323 /* SecondPresenter.swift */,
			);
			path = Presenter;
			sourceTree = "<group>";
		};
		0A8719882A716916007AB940 /* Model */ = {
			isa = PBXGroup;
			children = (
				0A8719812A714F23007AB940 /* Comment.swift */,
			);
			path = Model;
			sourceTree = "<group>";
		};
		0A8719892A716F99007AB940 /* Detail */ = {
			isa = PBXGroup;
			children = (
				0A87198E2A7181C7007AB940 /* View */,
				0A87198F2A7181CC007AB940 /* Presenter */,
			);
			path = Detail;
			sourceTree = "<group>";
		};
		0A87198E2A7181C7007AB940 /* View */ = {
			isa = PBXGroup;
			children = (
				0A87198C2A71709D007AB940 /* DetailVC.swift */,
			);
			path = View;
			sourceTree = "<group>";
		};
		0A87198F2A7181CC007AB940 /* Presenter */ = {
			isa = PBXGroup;
			children = (
				0A87198A2A716FAF007AB940 /* DetailPresenter.swift */,
			);
			path = Presenter;
			sourceTree = "<group>";
		};
		0AA27C882A6F4A0F00763323 = {
			isa = PBXGroup;
			children = (
				0AA27C932A6F4A0F00763323 /* mvp */,
				0AA27CAA2A6F4A1300763323 /* mvpTests */,
				0AA27CB42A6F4A1300763323 /* mvpUITests */,
				0AA27C922A6F4A0F00763323 /* Products */,
			);
			sourceTree = "<group>";
		};
		0AA27C922A6F4A0F00763323 /* Products */ = {
			isa = PBXGroup;
			children = (
				0AA27C912A6F4A0F00763323 /* mvp.app */,
				0AA27CA72A6F4A1300763323 /* mvpTests.xctest */,
				0AA27CB12A6F4A1300763323 /* mvpUITests.xctest */,
			);
			name = Products;
			sourceTree = "<group>";
		};
		0AA27C932A6F4A0F00763323 /* mvp */ = {
			isa = PBXGroup;
			children = (
				0A1130DA2A78878500A6EB78 /* Application */,
				0A1130DC2A7887EF00A6EB78 /* Builder */,
				0A1130DD2A7887F700A6EB78 /* Routing */,
				0A8719892A716F99007AB940 /* Detail */,
				0AA27CD12A6F79C100763323 /* SecondModule */,
				0AA27CCA2A6F662200763323 /* MainModule */,
				0A8719852A714FD1007AB940 /* API */,
				0A1130DB2A78879F00A6EB78 /* Sources */,
			);
			path = mvp;
			sourceTree = "<group>";
		};
		0AA27CAA2A6F4A1300763323 /* mvpTests */ = {
			isa = PBXGroup;
			children = (
				0A1130E12A78982C00A6EB78 /* RouterTests */,
				0A1130DE2A78882300A6EB78 /* SecondModuleTests */,
				0AA27CCE2A6F669700763323 /* MainModuleTests */,
			);
			path = mvpTests;
			sourceTree = "<group>";
		};
		0AA27CB42A6F4A1300763323 /* mvpUITests */ = {
			isa = PBXGroup;
			children = (
				0AA27CB52A6F4A1300763323 /* mvpUITests.swift */,
				0AA27CB72A6F4A1300763323 /* mvpUITestsLaunchTests.swift */,
			);
			path = mvpUITests;
			sourceTree = "<group>";
		};
		0AA27CCA2A6F662200763323 /* MainModule */ = {
			isa = PBXGroup;
			children = (
				0AA27CCB2A6F663500763323 /* Model */,
				0AA27CCC2A6F663C00763323 /* View */,
				0AA27CCD2A6F664200763323 /* Presenter */,
			);
			path = MainModule;
			sourceTree = "<group>";
		};
		0AA27CCB2A6F663500763323 /* Model */ = {
			isa = PBXGroup;
			children = (
				0AA27CC42A6F4AE500763323 /* Person.swift */,
			);
			path = Model;
			sourceTree = "<group>";
		};
		0AA27CCC2A6F663C00763323 /* View */ = {
			isa = PBXGroup;
			children = (
				0AA27C982A6F4A0F00763323 /* MainViewController.swift */,
			);
			path = View;
			sourceTree = "<group>";
		};
		0AA27CCD2A6F664200763323 /* Presenter */ = {
			isa = PBXGroup;
			children = (
				0AA27CC62A6F4D2100763323 /* MainPresenter.swift */,
			);
			path = Presenter;
			sourceTree = "<group>";
		};
		0AA27CCE2A6F669700763323 /* MainModuleTests */ = {
			isa = PBXGroup;
			children = (
				0AA27CCF2A6F66D000763323 /* MainModuleTests.swift */,
			);
			path = MainModuleTests;
			sourceTree = "<group>";
		};
		0AA27CD12A6F79C100763323 /* SecondModule */ = {
			isa = PBXGroup;
			children = (
				0A8719882A716916007AB940 /* Model */,
				0A8719862A71602F007AB940 /* View */,
				0A8719872A716035007AB940 /* Presenter */,
				0AA27CD62A6F7D3500763323 /* Helper.swift */,
				0AA27CD82A6F7E7B00763323 /* TableViewCell.swift */,
			);
			path = SecondModule;
			sourceTree = "<group>";
		};
/* End PBXGroup section */

/* Begin PBXNativeTarget section */
		0AA27C902A6F4A0F00763323 /* mvp */ = {
			isa = PBXNativeTarget;
			buildConfigurationList = 0AA27CBB2A6F4A1300763323 /* Build configuration list for PBXNativeTarget "mvp" */;
			buildPhases = (
				0AA27C8D2A6F4A0F00763323 /* Sources */,
				0AA27C8E2A6F4A0F00763323 /* Frameworks */,
				0AA27C8F2A6F4A0F00763323 /* Resources */,
			);
			buildRules = (
			);
			dependencies = (
			);
			name = mvp;
			productName = mvp;
			productReference = 0AA27C912A6F4A0F00763323 /* mvp.app */;
			productType = "com.apple.product-type.application";
		};
		0AA27CA62A6F4A1300763323 /* mvpTests */ = {
			isa = PBXNativeTarget;
			buildConfigurationList = 0AA27CBE2A6F4A1300763323 /* Build configuration list for PBXNativeTarget "mvpTests" */;
			buildPhases = (
				0AA27CA32A6F4A1300763323 /* Sources */,
				0AA27CA42A6F4A1300763323 /* Frameworks */,
				0AA27CA52A6F4A1300763323 /* Resources */,
			);
			buildRules = (
			);
			dependencies = (
				0AA27CA92A6F4A1300763323 /* PBXTargetDependency */,
			);
			name = mvpTests;
			productName = mvpTests;
			productReference = 0AA27CA72A6F4A1300763323 /* mvpTests.xctest */;
			productType = "com.apple.product-type.bundle.unit-test";
		};
		0AA27CB02A6F4A1300763323 /* mvpUITests */ = {
			isa = PBXNativeTarget;
			buildConfigurationList = 0AA27CC12A6F4A1300763323 /* Build configuration list for PBXNativeTarget "mvpUITests" */;
			buildPhases = (
				0AA27CAD2A6F4A1300763323 /* Sources */,
				0AA27CAE2A6F4A1300763323 /* Frameworks */,
				0AA27CAF2A6F4A1300763323 /* Resources */,
			);
			buildRules = (
			);
			dependencies = (
				0AA27CB32A6F4A1300763323 /* PBXTargetDependency */,
			);
			name = mvpUITests;
			productName = mvpUITests;
			productReference = 0AA27CB12A6F4A1300763323 /* mvpUITests.xctest */;
			productType = "com.apple.product-type.bundle.ui-testing";
		};
/* End PBXNativeTarget section */

/* Begin PBXProject section */
		0AA27C892A6F4A0F00763323 /* Project object */ = {
			isa = PBXProject;
			attributes = {
				BuildIndependentTargetsInParallel = 1;
				LastSwiftUpdateCheck = 1430;
				LastUpgradeCheck = 1430;
				TargetAttributes = {
					0AA27C902A6F4A0F00763323 = {
						CreatedOnToolsVersion = 14.3.1;
					};
					0AA27CA62A6F4A1300763323 = {
						CreatedOnToolsVersion = 14.3.1;
						TestTargetID = 0AA27C902A6F4A0F00763323;
					};
					0AA27CB02A6F4A1300763323 = {
						CreatedOnToolsVersion = 14.3.1;
						TestTargetID = 0AA27C902A6F4A0F00763323;
					};
				};
			};
			buildConfigurationList = 0AA27C8C2A6F4A0F00763323 /* Build configuration list for PBXProject "mvp" */;
			compatibilityVersion = "Xcode 14.0";
			developmentRegion = en;
			hasScannedForEncodings = 0;
			knownRegions = (
				en,
				Base,
			);
			mainGroup = 0AA27C882A6F4A0F00763323;
			productRefGroup = 0AA27C922A6F4A0F00763323 /* Products */;
			projectDirPath = "";
			projectRoot = "";
			targets = (
				0AA27C902A6F4A0F00763323 /* mvp */,
				0AA27CA62A6F4A1300763323 /* mvpTests */,
				0AA27CB02A6F4A1300763323 /* mvpUITests */,
			);
		};
/* End PBXProject section */

/* Begin PBXResourcesBuildPhase section */
		0AA27C8F2A6F4A0F00763323 /* Resources */ = {
			isa = PBXResourcesBuildPhase;
			buildActionMask = 2147483647;
			files = (
				0AA27CA12A6F4A1200763323 /* LaunchScreen.storyboard in Resources */,
				0AA27C9E2A6F4A1200763323 /* Assets.xcassets in Resources */,
			);
			runOnlyForDeploymentPostprocessing = 0;
		};
		0AA27CA52A6F4A1300763323 /* Resources */ = {
			isa = PBXResourcesBuildPhase;
			buildActionMask = 2147483647;
			files = (
			);
			runOnlyForDeploymentPostprocessing = 0;
		};
		0AA27CAF2A6F4A1300763323 /* Resources */ = {
			isa = PBXResourcesBuildPhase;
			buildActionMask = 2147483647;
			files = (
			);
			runOnlyForDeploymentPostprocessing = 0;
		};
/* End PBXResourcesBuildPhase section */

/* Begin PBXSourcesBuildPhase section */
		0AA27C8D2A6F4A0F00763323 /* Sources */ = {
			isa = PBXSourcesBuildPhase;
			buildActionMask = 2147483647;
			files = (
				0AA27CC52A6F4AE500763323 /* Person.swift in Sources */,
				0AA27C992A6F4A0F00763323 /* MainViewController.swift in Sources */,
				0A87198D2A71709D007AB940 /* DetailVC.swift in Sources */,
				0AA27CD52A6F7ADC00763323 /* SecondVC.swift in Sources */,
				0AA27CD92A6F7E7B00763323 /* TableViewCell.swift in Sources */,
				0A8719842A714FC9007AB940 /* NetworkManager.swift in Sources */,
				0AA27CD32A6F79DD00763323 /* SecondPresenter.swift in Sources */,
				0A8719822A714F23007AB940 /* Comment.swift in Sources */,
				0AA27C952A6F4A0F00763323 /* AppDelegate.swift in Sources */,
				0AA27CC92A6F5DB400763323 /* ModuleBuilder.swift in Sources */,
				0A8719912A72CE19007AB940 /* Router.swift in Sources */,
				0AA27CC72A6F4D2100763323 /* MainPresenter.swift in Sources */,
				0AA27CD72A6F7D3500763323 /* Helper.swift in Sources */,
				0A87198B2A716FAF007AB940 /* DetailPresenter.swift in Sources */,
			);
			runOnlyForDeploymentPostprocessing = 0;
		};
		0AA27CA32A6F4A1300763323 /* Sources */ = {
			isa = PBXSourcesBuildPhase;
			buildActionMask = 2147483647;
			files = (
				0AA27CD02A6F66D000763323 /* MainModuleTests.swift in Sources */,
				0A1130E32A78984400A6EB78 /* RouterTest.swift in Sources */,
				0A1130E02A78883900A6EB78 /* SecondModuleTests.swift in Sources */,
			);
			runOnlyForDeploymentPostprocessing = 0;
		};
		0AA27CAD2A6F4A1300763323 /* Sources */ = {
			isa = PBXSourcesBuildPhase;
			buildActionMask = 2147483647;
			files = (
				0AA27CB82A6F4A1300763323 /* mvpUITestsLaunchTests.swift in Sources */,
				0AA27CB62A6F4A1300763323 /* mvpUITests.swift in Sources */,
			);
			runOnlyForDeploymentPostprocessing = 0;
		};
/* End PBXSourcesBuildPhase section */

/* Begin PBXTargetDependency section */
		0AA27CA92A6F4A1300763323 /* PBXTargetDependency */ = {
			isa = PBXTargetDependency;
			target = 0AA27C902A6F4A0F00763323 /* mvp */;
			targetProxy = 0AA27CA82A6F4A1300763323 /* PBXContainerItemProxy */;
		};
		0AA27CB32A6F4A1300763323 /* PBXTargetDependency */ = {
			isa = PBXTargetDependency;
			target = 0AA27C902A6F4A0F00763323 /* mvp */;
			targetProxy = 0AA27CB22A6F4A1300763323 /* PBXContainerItemProxy */;
		};
/* End PBXTargetDependency section */

/* Begin PBXVariantGroup section */
		0AA27C9F2A6F4A1200763323 /* LaunchScreen.storyboard */ = {
			isa = PBXVariantGroup;
			children = (
				0AA27CA02A6F4A1200763323 /* Base */,
			);
			name = LaunchScreen.storyboard;
			sourceTree = "<group>";
		};
/* End PBXVariantGroup section */

/* Begin XCBuildConfiguration section */
		0AA27CB92A6F4A1300763323 /* Debug */ = {
			isa = XCBuildConfiguration;
			buildSettings = {
				ALWAYS_SEARCH_USER_PATHS = NO;
				CLANG_ANALYZER_NONNULL = YES;
				CLANG_ANALYZER_NUMBER_OBJECT_CONVERSION = YES_AGGRESSIVE;
				CLANG_CXX_LANGUAGE_STANDARD = "gnu++20";
				CLANG_ENABLE_MODULES = YES;
				CLANG_ENABLE_OBJC_ARC = YES;
				CLANG_ENABLE_OBJC_WEAK = YES;
				CLANG_WARN_BLOCK_CAPTURE_AUTORELEASING = YES;
				CLANG_WARN_BOOL_CONVERSION = YES;
				CLANG_WARN_COMMA = YES;
				CLANG_WARN_CONSTANT_CONVERSION = YES;
				CLANG_WARN_DEPRECATED_OBJC_IMPLEMENTATIONS = YES;
				CLANG_WARN_DIRECT_OBJC_ISA_USAGE = YES_ERROR;
				CLANG_WARN_DOCUMENTATION_COMMENTS = YES;
				CLANG_WARN_EMPTY_BODY = YES;
				CLANG_WARN_ENUM_CONVERSION = YES;
				CLANG_WARN_INFINITE_RECURSION = YES;
				CLANG_WARN_INT_CONVERSION = YES;
				CLANG_WARN_NON_LITERAL_NULL_CONVERSION = YES;
				CLANG_WARN_OBJC_IMPLICIT_RETAIN_SELF = YES;
				CLANG_WARN_OBJC_LITERAL_CONVERSION = YES;
				CLANG_WARN_OBJC_ROOT_CLASS = YES_ERROR;
				CLANG_WARN_QUOTED_INCLUDE_IN_FRAMEWORK_HEADER = YES;
				CLANG_WARN_RANGE_LOOP_ANALYSIS = YES;
				CLANG_WARN_STRICT_PROTOTYPES = YES;
				CLANG_WARN_SUSPICIOUS_MOVE = YES;
				CLANG_WARN_UNGUARDED_AVAILABILITY = YES_AGGRESSIVE;
				CLANG_WARN_UNREACHABLE_CODE = YES;
				CLANG_WARN__DUPLICATE_METHOD_MATCH = YES;
				COPY_PHASE_STRIP = NO;
				DEBUG_INFORMATION_FORMAT = dwarf;
				ENABLE_STRICT_OBJC_MSGSEND = YES;
				ENABLE_TESTABILITY = YES;
				GCC_C_LANGUAGE_STANDARD = gnu11;
				GCC_DYNAMIC_NO_PIC = NO;
				GCC_NO_COMMON_BLOCKS = YES;
				GCC_OPTIMIZATION_LEVEL = 0;
				GCC_PREPROCESSOR_DEFINITIONS = (
					"DEBUG=1",
					"$(inherited)",
				);
				GCC_WARN_64_TO_32_BIT_CONVERSION = YES;
				GCC_WARN_ABOUT_RETURN_TYPE = YES_ERROR;
				GCC_WARN_UNDECLARED_SELECTOR = YES;
				GCC_WARN_UNINITIALIZED_AUTOS = YES_AGGRESSIVE;
				GCC_WARN_UNUSED_FUNCTION = YES;
				GCC_WARN_UNUSED_VARIABLE = YES;
				IPHONEOS_DEPLOYMENT_TARGET = 16.4;
				MTL_ENABLE_DEBUG_INFO = INCLUDE_SOURCE;
				MTL_FAST_MATH = YES;
				ONLY_ACTIVE_ARCH = YES;
				SDKROOT = iphoneos;
				SWIFT_ACTIVE_COMPILATION_CONDITIONS = DEBUG;
				SWIFT_OPTIMIZATION_LEVEL = "-Onone";
			};
			name = Debug;
		};
		0AA27CBA2A6F4A1300763323 /* Release */ = {
			isa = XCBuildConfiguration;
			buildSettings = {
				ALWAYS_SEARCH_USER_PATHS = NO;
				CLANG_ANALYZER_NONNULL = YES;
				CLANG_ANALYZER_NUMBER_OBJECT_CONVERSION = YES_AGGRESSIVE;
				CLANG_CXX_LANGUAGE_STANDARD = "gnu++20";
				CLANG_ENABLE_MODULES = YES;
				CLANG_ENABLE_OBJC_ARC = YES;
				CLANG_ENABLE_OBJC_WEAK = YES;
				CLANG_WARN_BLOCK_CAPTURE_AUTORELEASING = YES;
				CLANG_WARN_BOOL_CONVERSION = YES;
				CLANG_WARN_COMMA = YES;
				CLANG_WARN_CONSTANT_CONVERSION = YES;
				CLANG_WARN_DEPRECATED_OBJC_IMPLEMENTATIONS = YES;
				CLANG_WARN_DIRECT_OBJC_ISA_USAGE = YES_ERROR;
				CLANG_WARN_DOCUMENTATION_COMMENTS = YES;
				CLANG_WARN_EMPTY_BODY = YES;
				CLANG_WARN_ENUM_CONVERSION = YES;
				CLANG_WARN_INFINITE_RECURSION = YES;
				CLANG_WARN_INT_CONVERSION = YES;
				CLANG_WARN_NON_LITERAL_NULL_CONVERSION = YES;
				CLANG_WARN_OBJC_IMPLICIT_RETAIN_SELF = YES;
				CLANG_WARN_OBJC_LITERAL_CONVERSION = YES;
				CLANG_WARN_OBJC_ROOT_CLASS = YES_ERROR;
				CLANG_WARN_QUOTED_INCLUDE_IN_FRAMEWORK_HEADER = YES;
				CLANG_WARN_RANGE_LOOP_ANALYSIS = YES;
				CLANG_WARN_STRICT_PROTOTYPES = YES;
				CLANG_WARN_SUSPICIOUS_MOVE = YES;
				CLANG_WARN_UNGUARDED_AVAILABILITY = YES_AGGRESSIVE;
				CLANG_WARN_UNREACHABLE_CODE = YES;
				CLANG_WARN__DUPLICATE_METHOD_MATCH = YES;
				COPY_PHASE_STRIP = NO;
				DEBUG_INFORMATION_FORMAT = "dwarf-with-dsym";
				ENABLE_NS_ASSERTIONS = NO;
				ENABLE_STRICT_OBJC_MSGSEND = YES;
				GCC_C_LANGUAGE_STANDARD = gnu11;
				GCC_NO_COMMON_BLOCKS = YES;
				GCC_WARN_64_TO_32_BIT_CONVERSION = YES;
				GCC_WARN_ABOUT_RETURN_TYPE = YES_ERROR;
				GCC_WARN_UNDECLARED_SELECTOR = YES;
				GCC_WARN_UNINITIALIZED_AUTOS = YES_AGGRESSIVE;
				GCC_WARN_UNUSED_FUNCTION = YES;
				GCC_WARN_UNUSED_VARIABLE = YES;
				IPHONEOS_DEPLOYMENT_TARGET = 16.4;
				MTL_ENABLE_DEBUG_INFO = NO;
				MTL_FAST_MATH = YES;
				SDKROOT = iphoneos;
				SWIFT_COMPILATION_MODE = wholemodule;
				SWIFT_OPTIMIZATION_LEVEL = "-O";
				VALIDATE_PRODUCT = YES;
			};
			name = Release;
		};
		0AA27CBC2A6F4A1300763323 /* Debug */ = {
			isa = XCBuildConfiguration;
			buildSettings = {
				ASSETCATALOG_COMPILER_APPICON_NAME = AppIcon;
				ASSETCATALOG_COMPILER_GLOBAL_ACCENT_COLOR_NAME = AccentColor;
				CODE_SIGN_STYLE = Automatic;
				CURRENT_PROJECT_VERSION = 1;
				DEVELOPMENT_TEAM = 4N684VBLPX;
				GENERATE_INFOPLIST_FILE = YES;
				INFOPLIST_FILE = mvp/Sources/Info.plist;
				INFOPLIST_KEY_UIApplicationSupportsIndirectInputEvents = YES;
				INFOPLIST_KEY_UILaunchStoryboardName = LaunchScreen;
				INFOPLIST_KEY_UISupportedInterfaceOrientations = UIInterfaceOrientationPortrait;
				IPHONEOS_DEPLOYMENT_TARGET = 11.0;
				LD_RUNPATH_SEARCH_PATHS = (
					"$(inherited)",
					"@executable_path/Frameworks",
				);
				MARKETING_VERSION = 1.0;
				PRODUCT_BUNDLE_IDENTIFIER = "com.Dimon7-tr.mvp.mvp";
				PRODUCT_NAME = "$(TARGET_NAME)";
				SWIFT_EMIT_LOC_STRINGS = YES;
				SWIFT_VERSION = 5.0;
				TARGETED_DEVICE_FAMILY = "1,2";
			};
			name = Debug;
		};
		0AA27CBD2A6F4A1300763323 /* Release */ = {
			isa = XCBuildConfiguration;
			buildSettings = {
				ASSETCATALOG_COMPILER_APPICON_NAME = AppIcon;
				ASSETCATALOG_COMPILER_GLOBAL_ACCENT_COLOR_NAME = AccentColor;
				CODE_SIGN_STYLE = Automatic;
				CURRENT_PROJECT_VERSION = 1;
				DEVELOPMENT_TEAM = 4N684VBLPX;
				GENERATE_INFOPLIST_FILE = YES;
				INFOPLIST_FILE = mvp/Sources/Info.plist;
				INFOPLIST_KEY_UIApplicationSupportsIndirectInputEvents = YES;
				INFOPLIST_KEY_UILaunchStoryboardName = LaunchScreen;
				INFOPLIST_KEY_UISupportedInterfaceOrientations = UIInterfaceOrientationPortrait;
				IPHONEOS_DEPLOYMENT_TARGET = 11.0;
				LD_RUNPATH_SEARCH_PATHS = (
					"$(inherited)",
					"@executable_path/Frameworks",
				);
				MARKETING_VERSION = 1.0;
				PRODUCT_BUNDLE_IDENTIFIER = "com.Dimon7-tr.mvp.mvp";
				PRODUCT_NAME = "$(TARGET_NAME)";
				SWIFT_EMIT_LOC_STRINGS = YES;
				SWIFT_VERSION = 5.0;
				TARGETED_DEVICE_FAMILY = "1,2";
			};
			name = Release;
		};
		0AA27CBF2A6F4A1300763323 /* Debug */ = {
			isa = XCBuildConfiguration;
			buildSettings = {
				ALWAYS_EMBED_SWIFT_STANDARD_LIBRARIES = YES;
				BUNDLE_LOADER = "$(TEST_HOST)";
				CODE_SIGN_STYLE = Automatic;
				CURRENT_PROJECT_VERSION = 1;
				DEVELOPMENT_TEAM = 4N684VBLPX;
				GENERATE_INFOPLIST_FILE = YES;
				IPHONEOS_DEPLOYMENT_TARGET = 16.4;
				MARKETING_VERSION = 1.0;
				PRODUCT_BUNDLE_IDENTIFIER = "com.Dimon7-tr.mvp.mvpTests";
				PRODUCT_NAME = "$(TARGET_NAME)";
				SWIFT_EMIT_LOC_STRINGS = NO;
				SWIFT_VERSION = 5.0;
				TARGETED_DEVICE_FAMILY = "1,2";
				TEST_HOST = "$(BUILT_PRODUCTS_DIR)/mvp.app/$(BUNDLE_EXECUTABLE_FOLDER_PATH)/mvp";
			};
			name = Debug;
		};
		0AA27CC02A6F4A1300763323 /* Release */ = {
			isa = XCBuildConfiguration;
			buildSettings = {
				ALWAYS_EMBED_SWIFT_STANDARD_LIBRARIES = YES;
				BUNDLE_LOADER = "$(TEST_HOST)";
				CODE_SIGN_STYLE = Automatic;
				CURRENT_PROJECT_VERSION = 1;
				DEVELOPMENT_TEAM = 4N684VBLPX;
				GENERATE_INFOPLIST_FILE = YES;
				IPHONEOS_DEPLOYMENT_TARGET = 16.4;
				MARKETING_VERSION = 1.0;
				PRODUCT_BUNDLE_IDENTIFIER = "com.Dimon7-tr.mvp.mvpTests";
				PRODUCT_NAME = "$(TARGET_NAME)";
				SWIFT_EMIT_LOC_STRINGS = NO;
				SWIFT_VERSION = 5.0;
				TARGETED_DEVICE_FAMILY = "1,2";
				TEST_HOST = "$(BUILT_PRODUCTS_DIR)/mvp.app/$(BUNDLE_EXECUTABLE_FOLDER_PATH)/mvp";
			};
			name = Release;
		};
		0AA27CC22A6F4A1300763323 /* Debug */ = {
			isa = XCBuildConfiguration;
			buildSettings = {
				ALWAYS_EMBED_SWIFT_STANDARD_LIBRARIES = YES;
				CODE_SIGN_STYLE = Automatic;
				CURRENT_PROJECT_VERSION = 1;
				DEVELOPMENT_TEAM = 4N684VBLPX;
				GENERATE_INFOPLIST_FILE = YES;
				MARKETING_VERSION = 1.0;
				PRODUCT_BUNDLE_IDENTIFIER = "com.Dimon7-tr.mvp.mvpUITests";
				PRODUCT_NAME = "$(TARGET_NAME)";
				SWIFT_EMIT_LOC_STRINGS = NO;
				SWIFT_VERSION = 5.0;
				TARGETED_DEVICE_FAMILY = "1,2";
				TEST_TARGET_NAME = mvp;
			};
			name = Debug;
		};
		0AA27CC32A6F4A1300763323 /* Release */ = {
			isa = XCBuildConfiguration;
			buildSettings = {
				ALWAYS_EMBED_SWIFT_STANDARD_LIBRARIES = YES;
				CODE_SIGN_STYLE = Automatic;
				CURRENT_PROJECT_VERSION = 1;
				DEVELOPMENT_TEAM = 4N684VBLPX;
				GENERATE_INFOPLIST_FILE = YES;
				MARKETING_VERSION = 1.0;
				PRODUCT_BUNDLE_IDENTIFIER = "com.Dimon7-tr.mvp.mvpUITests";
				PRODUCT_NAME = "$(TARGET_NAME)";
				SWIFT_EMIT_LOC_STRINGS = NO;
				SWIFT_VERSION = 5.0;
				TARGETED_DEVICE_FAMILY = "1,2";
				TEST_TARGET_NAME = mvp;
			};
			name = Release;
		};
/* End XCBuildConfiguration section */

/* Begin XCConfigurationList section */
		0AA27C8C2A6F4A0F00763323 /* Build configuration list for PBXProject "mvp" */ = {
			isa = XCConfigurationList;
			buildConfigurations = (
				0AA27CB92A6F4A1300763323 /* Debug */,
				0AA27CBA2A6F4A1300763323 /* Release */,
			);
			defaultConfigurationIsVisible = 0;
			defaultConfigurationName = Release;
		};
		0AA27CBB2A6F4A1300763323 /* Build configuration list for PBXNativeTarget "mvp" */ = {
			isa = XCConfigurationList;
			buildConfigurations = (
				0AA27CBC2A6F4A1300763323 /* Debug */,
				0AA27CBD2A6F4A1300763323 /* Release */,
			);
			defaultConfigurationIsVisible = 0;
			defaultConfigurationName = Release;
		};
		0AA27CBE2A6F4A1300763323 /* Build configuration list for PBXNativeTarget "mvpTests" */ = {
			isa = XCConfigurationList;
			buildConfigurations = (
				0AA27CBF2A6F4A1300763323 /* Debug */,
				0AA27CC02A6F4A1300763323 /* Release */,
			);
			defaultConfigurationIsVisible = 0;
			defaultConfigurationName = Release;
		};
		0AA27CC12A6F4A1300763323 /* Build configuration list for PBXNativeTarget "mvpUITests" */ = {
			isa = XCConfigurationList;
			buildConfigurations = (
				0AA27CC22A6F4A1300763323 /* Debug */,
				0AA27CC32A6F4A1300763323 /* Release */,
			);
			defaultConfigurationIsVisible = 0;
			defaultConfigurationName = Release;
		};
/* End XCConfigurationList section */
	};
	rootObject = 0AA27C892A6F4A0F00763323 /* Project object */;
}
